
Microsoft Visual Studio Solution File, Format Version 12.00
# Visual Studio Version 17
VisualStudioVersion = 17.14.36109.1
MinimumVisualStudioVersion = 10.0.40219.1
Project("{FAE04EC0-301F-11D3-BF4B-00C04F79EFBC}") = "DeviceTracker.Core", "DeviceTracker.Core\DeviceTracker.Core.csproj", "{71B41595-45EF-4261-9EB8-B1827FB2A480}"
EndProject
Project("{FAE04EC0-301F-11D3-BF4B-00C04F79EFBC}") = "DeviceTracker.Web", "DeviceTracker.Web\DeviceTracker.Web\DeviceTracker.Web.csproj", "{FFD605E9-D980-45C5-A044-A621F7F6FE8B}"
EndProject
Project("{FAE04EC0-301F-11D3-BF4B-00C04F79EFBC}") = "DeviceTracker.Web.Client", "DeviceTracker.Web\DeviceTracker.Web.Client\DeviceTracker.Web.Client.csproj", "{4701A108-7732-70F8-5BD0-AF8BDFCA0BDF}"
EndProject
Project("{FAE04EC0-301F-11D3-BF4B-00C04F79EFBC}") = "DeviceTracker.Shared", "DeviceTracker.Contracts\DeviceTracker.Shared.csproj", "{E3F40D9F-3118-459C-8587-1DF4D1E5853D}"
EndProject
Global
	GlobalSection(SolutionConfigurationPlatforms) = preSolution
		Debug|Any CPU = Debug|Any CPU
		Release|Any CPU = Release|Any CPU
	EndGlobalSection
	GlobalSection(ProjectConfigurationPlatforms) = postSolution
		{71B41595-45EF-4261-9EB8-B1827FB2A480}.Debug|Any CPU.ActiveCfg = Debug|Any CPU
		{71B41595-45EF-4261-9EB8-B1827FB2A480}.Debug|Any CPU.Build.0 = Debug|Any CPU
		{71B41595-45EF-4261-9EB8-B1827FB2A480}.Release|Any CPU.ActiveCfg = Release|Any CPU
		{71B41595-45EF-4261-9EB8-B1827FB2A480}.Release|Any CPU.Build.0 = Release|Any CPU
		{FFD605E9-D980-45C5-A044-A621F7F6FE8B}.Debug|Any CPU.ActiveCfg = Debug|Any CPU
		{FFD605E9-D980-45C5-A044-A621F7F6FE8B}.Debug|Any CPU.Build.0 = Debug|Any CPU
		{FFD605E9-D980-45C5-A044-A621F7F6FE8B}.Release|Any CPU.ActiveCfg = Release|Any CPU
		{FFD605E9-D980-45C5-A044-A621F7F6FE8B}.Release|Any CPU.Build.0 = Release|Any CPU
		{4701A108-7732-70F8-5BD0-AF8BDFCA0BDF}.Debug|Any CPU.ActiveCfg = Debug|Any CPU
		{4701A108-7732-70F8-5BD0-AF8BDFCA0BDF}.Debug|Any CPU.Build.0 = Debug|Any CPU
		{4701A108-7732-70F8-5BD0-AF8BDFCA0BDF}.Release|Any CPU.ActiveCfg = Release|Any CPU
		{4701A108-7732-70F8-5BD0-AF8BDFCA0BDF}.Release|Any CPU.Build.0 = Release|Any CPU
		{E3F40D9F-3118-459C-8587-1DF4D1E5853D}.Debug|Any CPU.ActiveCfg = Debug|Any CPU
		{E3F40D9F-3118-459C-8587-1DF4D1E5853D}.Debug|Any CPU.Build.0 = Debug|Any CPU
		{E3F40D9F-3118-459C-8587-1DF4D1E5853D}.Release|Any CPU.ActiveCfg = Release|Any CPU
		{E3F40D9F-3118-459C-8587-1DF4D1E5853D}.Release|Any CPU.Build.0 = Release|Any CPU
	EndGlobalSection
	GlobalSection(SolutionProperties) = preSolution
		HideSolutionNode = FALSE
	EndGlobalSection
	GlobalSection(ExtensibilityGlobals) = postSolution
		SolutionGuid = {2FE67F59-07B0-40D0-8EE0-7DD0121056B8}
	EndGlobalSection
EndGlobal
